{
  "lib/bao-base": {
    "branch": {
      "name": "main",
      "rev": "7f90d65c5aa1b17f1c2427e475a9fac90e5dda07"
    }
  },
  "lib/chainlink-brownie-contracts": {
    "tag": {
      "name": "1.3.0",
      "rev": "5cb41fbc9b525338b6098da5ea7dd0b7e92f89e4"
    }
  },
  "lib/forge-std": {
    "tag": {
      "name": "v1.16.2",
      "rev": "bf647bd6046f2f7da30d0c2bf435e5c76a780c1b"
    }
  },
  "lib/openzeppelin-contracts-upgradeable": {
    "tag": {
      "name": "v5.7.0",
      "rev": "14f52c54d3a1eefbda3d4071efba24d3c1e07e8a"
    }
  },
  "lib/openzeppelin-foundry-upgrades": {
    "tag": {
      "name": "v0.4.2",
      "rev": "8ddceb0c0d94f7f9420fee1ee30fffbdacadf08f"
    }
  },
  "lib/solady": {
    "tag": {
      "name": "v0.1.26",
      "rev": "acd959aa4bd04720d640bf4e6a5c71037510cc4b"
    }
  }
}